
Microsoft Visual Studio Solution File, Format Version 12.00
# Visual Studio 15
VisualStudioVersion = 15.0.28010.0
MinimumVisualStudioVersion = 10.0.40219.1
Project("{FAE04EC0-301F-11D3-BF4B-00C04F79EFBC}") = "ReaderObject", "ReaderObject\ReaderObject.csproj", "{FD058B1C-6F07-4BD4-8B2E-0BF9D9EDDB31}"
EndProject
Global
	GlobalSection(SolutionConfigurationPlatforms) = preSolution
		Debug|Any CPU = Debug|Any CPU
		Release|Any CPU = Release|Any CPU
	EndGlobalSection
	GlobalSection(ProjectConfigurationPlatforms) = postSolution
		{FD058B1C-6F07-4BD4-8B2E-0BF9D9EDDB31}.Debug|Any CPU.ActiveCfg = Debug|Any CPU
		{FD058B1C-6F07-4BD4-8B2E-0BF9D9EDDB31}.Debug|Any CPU.Build.0 = Debug|Any CPU
		{FD058B1C-6F07-4BD4-8B2E-0BF9D9EDDB31}.Release|Any CPU.ActiveCfg = Release|Any CPU
		{FD058B1C-6F07-4BD4-8B2E-0BF9D9EDDB31}.Release|Any CPU.Build.0 = Release|Any CPU
	EndGlobalSection
	GlobalSection(SolutionProperties) = preSolution
		HideSolutionNode = FALSE
	EndGlobalSection
	GlobalSection(ExtensibilityGlobals) = postSolution
		SolutionGuid = {51DC095F-ABEE-40FF-9EA5-EF3E257EAD54}
	EndGlobalSection
EndGlobal
